
Microsoft Visual Studio Solution File, Format Version 12.00
# Visual Studio Version 17
VisualStudioVersion = 17.2.32317.152
MinimumVisualStudioVersion = 10.0.40219.1
Project("{8BC9CEB8-8B4A-11D0-8D11-00A0C91BC942}") = "FrameCreator", "src\FrameCreator\FrameCreator.vcxproj", "{BBA5E6CB-7959-479A-848C-7B4A55594231}"
EndProject
Project("{8BC9CEB8-8B4A-11D0-8D11-00A0C91BC942}") = "TestDemoWinCust", "TestDemoWinCust\TestDemoWinCust.vcxproj", "{04D62924-5DC7-4BF1-93C1-8156480C86E4}"
	ProjectSection(ProjectDependencies) = postProject
		{BBA5E6CB-7959-479A-848C-7B4A55594231} = {BBA5E6CB-7959-479A-848C-7B4A55594231}
	EndProjectSection
EndProject
Project("{8BC9CEB8-8B4A-11D0-8D11-00A0C91BC942}") = "VideoCreator", "src\VideoCreator\VideoCreator.vcxproj", "{EF1F3269-A72D-4089-B562-553812E462C1}"
EndProject
Project("{8BC9CEB8-8B4A-11D0-8D11-00A0C91BC942}") = "WinCust", "WinCust\WinCust.vcxproj", "{7DA6AC20-B976-47A7-B770-239C010ABB92}"
	ProjectSection(ProjectDependencies) = postProject
		{BBA5E6CB-7959-479A-848C-7B4A55594231} = {BBA5E6CB-7959-479A-848C-7B4A55594231}
		{EF1F3269-A72D-4089-B562-553812E462C1} = {EF1F3269-A72D-4089-B562-553812E462C1}
	EndProjectSection
EndProject
Project("{54435603-DBB4-11D2-8724-00A0C9A8B90C}") = "WinCustInstaller", "WinCustInstaller\WinCustInstaller.vdproj", "{9122753A-443C-408C-9799-D276EB7291F1}"
	ProjectSection(ProjectDependencies) = postProject
		{BBA5E6CB-7959-479A-848C-7B4A55594231} = {BBA5E6CB-7959-479A-848C-7B4A55594231}
		{EF1F3269-A72D-4089-B562-553812E462C1} = {EF1F3269-A72D-4089-B562-553812E462C1}
	EndProjectSection
EndProject
Global
	GlobalSection(SolutionConfigurationPlatforms) = preSolution
		Debug|x64 = Debug|x64
		Debug|x86 = Debug|x86
		Release|x64 = Release|x64
		Release|x86 = Release|x86
	EndGlobalSection
	GlobalSection(ProjectConfigurationPlatforms) = postSolution
		{BBA5E6CB-7959-479A-848C-7B4A55594231}.Debug|x64.ActiveCfg = Debug|x64
		{BBA5E6CB-7959-479A-848C-7B4A55594231}.Debug|x64.Build.0 = Debug|x64
		{BBA5E6CB-7959-479A-848C-7B4A55594231}.Debug|x86.ActiveCfg = Debug|Win32
		{BBA5E6CB-7959-479A-848C-7B4A55594231}.Debug|x86.Build.0 = Debug|Win32
		{BBA5E6CB-7959-479A-848C-7B4A55594231}.Release|x64.ActiveCfg = Release|x64
		{BBA5E6CB-7959-479A-848C-7B4A55594231}.Release|x64.Build.0 = Release|x64
		{BBA5E6CB-7959-479A-848C-7B4A55594231}.Release|x86.ActiveCfg = Release|Win32
		{BBA5E6CB-7959-479A-848C-7B4A55594231}.Release|x86.Build.0 = Release|Win32
		{04D62924-5DC7-4BF1-93C1-8156480C86E4}.Debug|x64.ActiveCfg = Debug|x64
		{04D62924-5DC7-4BF1-93C1-8156480C86E4}.Debug|x64.Build.0 = Debug|x64
		{04D62924-5DC7-4BF1-93C1-8156480C86E4}.Debug|x86.ActiveCfg = Debug|Win32
		{04D62924-5DC7-4BF1-93C1-8156480C86E4}.Debug|x86.Build.0 = Debug|Win32
		{04D62924-5DC7-4BF1-93C1-8156480C86E4}.Release|x64.ActiveCfg = Release|x64
		{04D62924-5DC7-4BF1-93C1-8156480C86E4}.Release|x64.Build.0 = Release|x64
		{04D62924-5DC7-4BF1-93C1-8156480C86E4}.Release|x86.ActiveCfg = Release|Win32
		{04D62924-5DC7-4BF1-93C1-8156480C86E4}.Release|x86.Build.0 = Release|Win32
		{EF1F3269-A72D-4089-B562-553812E462C1}.Debug|x64.ActiveCfg = Debug|x64
		{EF1F3269-A72D-4089-B562-553812E462C1}.Debug|x64.Build.0 = Debug|x64
		{EF1F3269-A72D-4089-B562-553812E462C1}.Debug|x86.ActiveCfg = Debug|Win32
		{EF1F3269-A72D-4089-B562-553812E462C1}.Debug|x86.Build.0 = Debug|Win32
		{EF1F3269-A72D-4089-B562-553812E462C1}.Release|x64.ActiveCfg = Release|x64
		{EF1F3269-A72D-4089-B562-553812E462C1}.Release|x64.Build.0 = Release|x64
		{EF1F3269-A72D-4089-B562-553812E462C1}.Release|x86.ActiveCfg = Release|Win32
		{EF1F3269-A72D-4089-B562-553812E462C1}.Release|x86.Build.0 = Release|Win32
		{7DA6AC20-B976-47A7-B770-239C010ABB92}.Debug|x64.ActiveCfg = Debug|x64
		{7DA6AC20-B976-47A7-B770-239C010ABB92}.Debug|x64.Build.0 = Debug|x64
		{7DA6AC20-B976-47A7-B770-239C010ABB92}.Debug|x86.ActiveCfg = Debug|Win32
		{7DA6AC20-B976-47A7-B770-239C010ABB92}.Debug|x86.Build.0 = Debug|Win32
		{7DA6AC20-B976-47A7-B770-239C010ABB92}.Release|x64.ActiveCfg = Release|x64
		{7DA6AC20-B976-47A7-B770-239C010ABB92}.Release|x64.Build.0 = Release|x64
		{7DA6AC20-B976-47A7-B770-239C010ABB92}.Release|x86.ActiveCfg = Release|Win32
		{7DA6AC20-B976-47A7-B770-239C010ABB92}.Release|x86.Build.0 = Release|Win32
		{9122753A-443C-408C-9799-D276EB7291F1}.Debug|x64.ActiveCfg = Debug
		{9122753A-443C-408C-9799-D276EB7291F1}.Debug|x86.ActiveCfg = Debug
		{9122753A-443C-408C-9799-D276EB7291F1}.Release|x64.ActiveCfg = Release
		{9122753A-443C-408C-9799-D276EB7291F1}.Release|x86.ActiveCfg = Release
	EndGlobalSection
	GlobalSection(SolutionProperties) = preSolution
		HideSolutionNode = FALSE
	EndGlobalSection
	GlobalSection(ExtensibilityGlobals) = postSolution
		SolutionGuid = {D9C050FF-2653-4D02-A868-29081B10F3D2}
	EndGlobalSection
EndGlobal
